
Microsoft Visual Studio Solution File, Format Version 12.00
# Visual Studio Version 17
VisualStudioVersion = 17.3.32825.248
MinimumVisualStudioVersion = 10.0.40219.1
Project("{FAE04EC0-301F-11D3-BF4B-00C04F79EFBC}") = "301271921(Abhishek)_Lab2", "301271921(Abhishek)_Lab2.csproj", "{F10AC82B-6793-42ED-9E03-85E4A5BC26BB}"
EndProject
Project("{9A19103F-16F7-4668-BE54-9A1E7A4F7556}") = "subscriptionManager", "..\subscriptionManager\subscriptionManager.csproj", "{86AF20FE-CDEA-4454-B172-FE2D86C2DC24}"
EndProject
Global
	GlobalSection(SolutionConfigurationPlatforms) = preSolution
		Debug|Any CPU = Debug|Any CPU
		Release|Any CPU = Release|Any CPU
	EndGlobalSection
	GlobalSection(ProjectConfigurationPlatforms) = postSolution
		{F10AC82B-6793-42ED-9E03-85E4A5BC26BB}.Debug|Any CPU.ActiveCfg = Debug|Any CPU
		{F10AC82B-6793-42ED-9E03-85E4A5BC26BB}.Debug|Any CPU.Build.0 = Debug|Any CPU
		{F10AC82B-6793-42ED-9E03-85E4A5BC26BB}.Release|Any CPU.ActiveCfg = Release|Any CPU
		{F10AC82B-6793-42ED-9E03-85E4A5BC26BB}.Release|Any CPU.Build.0 = Release|Any CPU
		{86AF20FE-CDEA-4454-B172-FE2D86C2DC24}.Debug|Any CPU.ActiveCfg = Debug|Any CPU
		{86AF20FE-CDEA-4454-B172-FE2D86C2DC24}.Debug|Any CPU.Build.0 = Debug|Any CPU
		{86AF20FE-CDEA-4454-B172-FE2D86C2DC24}.Release|Any CPU.ActiveCfg = Release|Any CPU
		{86AF20FE-CDEA-4454-B172-FE2D86C2DC24}.Release|Any CPU.Build.0 = Release|Any CPU
	EndGlobalSection
	GlobalSection(SolutionProperties) = preSolution
		HideSolutionNode = FALSE
	EndGlobalSection
	GlobalSection(ExtensibilityGlobals) = postSolution
		SolutionGuid = {FF1A6407-789B-4058-ACC3-3798FBE5808F}
	EndGlobalSection
EndGlobal
